
Microsoft Visual Studio Solution File, Format Version 12.00
# Visual Studio Version 17
VisualStudioVersion = 17.14.36414.22 d17.14
MinimumVisualStudioVersion = 10.0.40219.1
Project("{FAE04EC0-301F-11D3-BF4B-00C04F79EFBC}") = "Laboratorio71", "Laboratorio7\Laboratorio71.csproj", "{268747E7-EC78-4C63-A92D-A41F74F1DF43}"
EndProject
Project("{FAE04EC0-301F-11D3-BF4B-00C04F79EFBC}") = "Laboratorio72", "Laboratorio72\Laboratorio72.csproj", "{9022D7D8-A8D7-4F2C-873C-887090F2853D}"
EndProject
Global
	GlobalSection(SolutionConfigurationPlatforms) = preSolution
		Debug|Any CPU = Debug|Any CPU
		Release|Any CPU = Release|Any CPU
	EndGlobalSection
	GlobalSection(ProjectConfigurationPlatforms) = postSolution
		{268747E7-EC78-4C63-A92D-A41F74F1DF43}.Debug|Any CPU.ActiveCfg = Debug|Any CPU
		{268747E7-EC78-4C63-A92D-A41F74F1DF43}.Debug|Any CPU.Build.0 = Debug|Any CPU
		{268747E7-EC78-4C63-A92D-A41F74F1DF43}.Release|Any CPU.ActiveCfg = Release|Any CPU
		{268747E7-EC78-4C63-A92D-A41F74F1DF43}.Release|Any CPU.Build.0 = Release|Any CPU
		{9022D7D8-A8D7-4F2C-873C-887090F2853D}.Debug|Any CPU.ActiveCfg = Debug|Any CPU
		{9022D7D8-A8D7-4F2C-873C-887090F2853D}.Debug|Any CPU.Build.0 = Debug|Any CPU
		{9022D7D8-A8D7-4F2C-873C-887090F2853D}.Release|Any CPU.ActiveCfg = Release|Any CPU
		{9022D7D8-A8D7-4F2C-873C-887090F2853D}.Release|Any CPU.Build.0 = Release|Any CPU
	EndGlobalSection
	GlobalSection(SolutionProperties) = preSolution
		HideSolutionNode = FALSE
	EndGlobalSection
	GlobalSection(ExtensibilityGlobals) = postSolution
		SolutionGuid = {042D2500-30E7-45A7-B235-F18AE53BE32A}
	EndGlobalSection
EndGlobal
