
Microsoft Visual Studio Solution File, Format Version 12.00
# Visual Studio Version 17
VisualStudioVersion = 17.14.36414.22 d17.14
MinimumVisualStudioVersion = 10.0.40219.1
Project("{FAE04EC0-301F-11D3-BF4B-00C04F79EFBC}") = "Laboratorio6", "Laboratorio6\Laboratorio6.csproj", "{FB50D7EA-6076-4E47-B9CA-099F50379971}"
EndProject
Project("{FAE04EC0-301F-11D3-BF4B-00C04F79EFBC}") = "Laboratorio61", "Laboratorio61\Laboratorio61.csproj", "{04CB8D3D-042B-4121-B9C7-255841A4AE59}"
EndProject
Project("{FAE04EC0-301F-11D3-BF4B-00C04F79EFBC}") = "Laboratorio62", "Laboratorio62\Laboratorio62.csproj", "{53DA426A-9936-4ADA-B122-EFA5D07B2C6A}"
EndProject
Project("{FAE04EC0-301F-11D3-BF4B-00C04F79EFBC}") = "Laboratorio63", "Laboratorio63\Laboratorio63.csproj", "{29440127-1AC0-429D-9CC8-323346BB2D29}"
EndProject
Global
	GlobalSection(SolutionConfigurationPlatforms) = preSolution
		Debug|Any CPU = Debug|Any CPU
		Release|Any CPU = Release|Any CPU
	EndGlobalSection
	GlobalSection(ProjectConfigurationPlatforms) = postSolution
		{FB50D7EA-6076-4E47-B9CA-099F50379971}.Debug|Any CPU.ActiveCfg = Debug|Any CPU
		{FB50D7EA-6076-4E47-B9CA-099F50379971}.Debug|Any CPU.Build.0 = Debug|Any CPU
		{FB50D7EA-6076-4E47-B9CA-099F50379971}.Release|Any CPU.ActiveCfg = Release|Any CPU
		{FB50D7EA-6076-4E47-B9CA-099F50379971}.Release|Any CPU.Build.0 = Release|Any CPU
		{04CB8D3D-042B-4121-B9C7-255841A4AE59}.Debug|Any CPU.ActiveCfg = Debug|Any CPU
		{04CB8D3D-042B-4121-B9C7-255841A4AE59}.Debug|Any CPU.Build.0 = Debug|Any CPU
		{04CB8D3D-042B-4121-B9C7-255841A4AE59}.Release|Any CPU.ActiveCfg = Release|Any CPU
		{04CB8D3D-042B-4121-B9C7-255841A4AE59}.Release|Any CPU.Build.0 = Release|Any CPU
		{53DA426A-9936-4ADA-B122-EFA5D07B2C6A}.Debug|Any CPU.ActiveCfg = Debug|Any CPU
		{53DA426A-9936-4ADA-B122-EFA5D07B2C6A}.Debug|Any CPU.Build.0 = Debug|Any CPU
		{53DA426A-9936-4ADA-B122-EFA5D07B2C6A}.Release|Any CPU.ActiveCfg = Release|Any CPU
		{53DA426A-9936-4ADA-B122-EFA5D07B2C6A}.Release|Any CPU.Build.0 = Release|Any CPU
		{29440127-1AC0-429D-9CC8-323346BB2D29}.Debug|Any CPU.ActiveCfg = Debug|Any CPU
		{29440127-1AC0-429D-9CC8-323346BB2D29}.Debug|Any CPU.Build.0 = Debug|Any CPU
		{29440127-1AC0-429D-9CC8-323346BB2D29}.Release|Any CPU.ActiveCfg = Release|Any CPU
		{29440127-1AC0-429D-9CC8-323346BB2D29}.Release|Any CPU.Build.0 = Release|Any CPU
	EndGlobalSection
	GlobalSection(SolutionProperties) = preSolution
		HideSolutionNode = FALSE
	EndGlobalSection
	GlobalSection(ExtensibilityGlobals) = postSolution
		SolutionGuid = {E1A293A1-9F77-41AF-831B-23B4A4EEB137}
	EndGlobalSection
EndGlobal
