
Microsoft Visual Studio Solution File, Format Version 12.00
# Visual Studio Version 17
VisualStudioVersion = 17.14.36414.22 d17.14
MinimumVisualStudioVersion = 10.0.40219.1
Project("{FAE04EC0-301F-11D3-BF4B-00C04F79EFBC}") = "Laboratorio 2", "Laboratorio 2\Laboratorio 2.csproj", "{966E46EE-66BA-4A77-843B-83325D118170}"
EndProject
Global
	GlobalSection(SolutionConfigurationPlatforms) = preSolution
		Debug|Any CPU = Debug|Any CPU
		Release|Any CPU = Release|Any CPU
	EndGlobalSection
	GlobalSection(ProjectConfigurationPlatforms) = postSolution
		{966E46EE-66BA-4A77-843B-83325D118170}.Debug|Any CPU.ActiveCfg = Debug|Any CPU
		{966E46EE-66BA-4A77-843B-83325D118170}.Debug|Any CPU.Build.0 = Debug|Any CPU
		{966E46EE-66BA-4A77-843B-83325D118170}.Release|Any CPU.ActiveCfg = Release|Any CPU
		{966E46EE-66BA-4A77-843B-83325D118170}.Release|Any CPU.Build.0 = Release|Any CPU
	EndGlobalSection
	GlobalSection(SolutionProperties) = preSolution
		HideSolutionNode = FALSE
	EndGlobalSection
	GlobalSection(ExtensibilityGlobals) = postSolution
		SolutionGuid = {C7129097-87AA-486C-AAE8-0A532353EA48}
	EndGlobalSection
EndGlobal
