
Microsoft Visual Studio Solution File, Format Version 12.00
# Visual Studio Version 17
VisualStudioVersion = 17.14.36603.0 d17.14
MinimumVisualStudioVersion = 10.0.40219.1
Project("{FAE04EC0-301F-11D3-BF4B-00C04F79EFBC}") = "Laboratorio121", "Laboratorio121\Laboratorio121.csproj", "{C4275FC2-8A9E-4D87-9F71-7EA923BA7193}"
EndProject
Project("{FAE04EC0-301F-11D3-BF4B-00C04F79EFBC}") = "Laboratorio122", "Laboratorio122\Laboratorio122.csproj", "{E198B451-5691-4CF1-BC04-28C2E8DDC5D0}"
EndProject
Project("{FAE04EC0-301F-11D3-BF4B-00C04F79EFBC}") = "Laboratorio123", "Laboratorio123\Laboratorio123.csproj", "{3C96887C-2C7F-4243-B5D4-8CDE2220806F}"
EndProject
Global
	GlobalSection(SolutionConfigurationPlatforms) = preSolution
		Debug|Any CPU = Debug|Any CPU
		Release|Any CPU = Release|Any CPU
	EndGlobalSection
	GlobalSection(ProjectConfigurationPlatforms) = postSolution
		{C4275FC2-8A9E-4D87-9F71-7EA923BA7193}.Debug|Any CPU.ActiveCfg = Debug|Any CPU
		{C4275FC2-8A9E-4D87-9F71-7EA923BA7193}.Debug|Any CPU.Build.0 = Debug|Any CPU
		{C4275FC2-8A9E-4D87-9F71-7EA923BA7193}.Release|Any CPU.ActiveCfg = Release|Any CPU
		{C4275FC2-8A9E-4D87-9F71-7EA923BA7193}.Release|Any CPU.Build.0 = Release|Any CPU
		{E198B451-5691-4CF1-BC04-28C2E8DDC5D0}.Debug|Any CPU.ActiveCfg = Debug|Any CPU
		{E198B451-5691-4CF1-BC04-28C2E8DDC5D0}.Debug|Any CPU.Build.0 = Debug|Any CPU
		{E198B451-5691-4CF1-BC04-28C2E8DDC5D0}.Release|Any CPU.ActiveCfg = Release|Any CPU
		{E198B451-5691-4CF1-BC04-28C2E8DDC5D0}.Release|Any CPU.Build.0 = Release|Any CPU
		{3C96887C-2C7F-4243-B5D4-8CDE2220806F}.Debug|Any CPU.ActiveCfg = Debug|Any CPU
		{3C96887C-2C7F-4243-B5D4-8CDE2220806F}.Debug|Any CPU.Build.0 = Debug|Any CPU
		{3C96887C-2C7F-4243-B5D4-8CDE2220806F}.Release|Any CPU.ActiveCfg = Release|Any CPU
		{3C96887C-2C7F-4243-B5D4-8CDE2220806F}.Release|Any CPU.Build.0 = Release|Any CPU
	EndGlobalSection
	GlobalSection(SolutionProperties) = preSolution
		HideSolutionNode = FALSE
	EndGlobalSection
	GlobalSection(ExtensibilityGlobals) = postSolution
		SolutionGuid = {FF1DCCDF-64F7-48BB-9F8F-19EFD5830BA1}
	EndGlobalSection
EndGlobal
