
Microsoft Visual Studio Solution File, Format Version 12.00
# Visual Studio Version 17
VisualStudioVersion = 17.14.36603.0 d17.14
MinimumVisualStudioVersion = 10.0.40219.1
Project("{FAE04EC0-301F-11D3-BF4B-00C04F79EFBC}") = "Parcial_3", "Parcial_3\Parcial_3.csproj", "{8B5BAA37-7A56-467A-8FCA-18EFB5F348B9}"
EndProject
Global
	GlobalSection(SolutionConfigurationPlatforms) = preSolution
		Debug|Any CPU = Debug|Any CPU
		Release|Any CPU = Release|Any CPU
	EndGlobalSection
	GlobalSection(ProjectConfigurationPlatforms) = postSolution
		{8B5BAA37-7A56-467A-8FCA-18EFB5F348B9}.Debug|Any CPU.ActiveCfg = Debug|Any CPU
		{8B5BAA37-7A56-467A-8FCA-18EFB5F348B9}.Debug|Any CPU.Build.0 = Debug|Any CPU
		{8B5BAA37-7A56-467A-8FCA-18EFB5F348B9}.Release|Any CPU.ActiveCfg = Release|Any CPU
		{8B5BAA37-7A56-467A-8FCA-18EFB5F348B9}.Release|Any CPU.Build.0 = Release|Any CPU
	EndGlobalSection
	GlobalSection(SolutionProperties) = preSolution
		HideSolutionNode = FALSE
	EndGlobalSection
	GlobalSection(ExtensibilityGlobals) = postSolution
		SolutionGuid = {780DE1C1-8CD8-49CC-8BF0-6F1F52C39E1F}
	EndGlobalSection
EndGlobal
