
Microsoft Visual Studio Solution File, Format Version 12.00
# Visual Studio Version 17
VisualStudioVersion = 17.14.36603.0 d17.14
MinimumVisualStudioVersion = 10.0.40219.1
Project("{FAE04EC0-301F-11D3-BF4B-00C04F79EFBC}") = "Laboratorio13", "Laboratorio13\Laboratorio13.csproj", "{75AFE4D8-51AC-4F91-BCED-0512483481B0}"
EndProject
Project("{FAE04EC0-301F-11D3-BF4B-00C04F79EFBC}") = "Laboratorio133", "Laboratorio133\Laboratorio133.csproj", "{74DD4B4C-559F-4DCC-8B99-81184D560CF0}"
EndProject
Global
	GlobalSection(SolutionConfigurationPlatforms) = preSolution
		Debug|Any CPU = Debug|Any CPU
		Release|Any CPU = Release|Any CPU
	EndGlobalSection
	GlobalSection(ProjectConfigurationPlatforms) = postSolution
		{75AFE4D8-51AC-4F91-BCED-0512483481B0}.Debug|Any CPU.ActiveCfg = Debug|Any CPU
		{75AFE4D8-51AC-4F91-BCED-0512483481B0}.Debug|Any CPU.Build.0 = Debug|Any CPU
		{75AFE4D8-51AC-4F91-BCED-0512483481B0}.Release|Any CPU.ActiveCfg = Release|Any CPU
		{75AFE4D8-51AC-4F91-BCED-0512483481B0}.Release|Any CPU.Build.0 = Release|Any CPU
		{74DD4B4C-559F-4DCC-8B99-81184D560CF0}.Debug|Any CPU.ActiveCfg = Debug|Any CPU
		{74DD4B4C-559F-4DCC-8B99-81184D560CF0}.Debug|Any CPU.Build.0 = Debug|Any CPU
		{74DD4B4C-559F-4DCC-8B99-81184D560CF0}.Release|Any CPU.ActiveCfg = Release|Any CPU
		{74DD4B4C-559F-4DCC-8B99-81184D560CF0}.Release|Any CPU.Build.0 = Release|Any CPU
	EndGlobalSection
	GlobalSection(SolutionProperties) = preSolution
		HideSolutionNode = FALSE
	EndGlobalSection
	GlobalSection(ExtensibilityGlobals) = postSolution
		SolutionGuid = {2A992751-68A3-4176-8D95-691EF4D90CC5}
	EndGlobalSection
EndGlobal
